
Microsoft Visual Studio Solution File, Format Version 12.00
# Visual Studio Version 17
VisualStudioVersion = 17.4.33213.308
MinimumVisualStudioVersion = 10.0.40219.1
Project("{FAE04EC0-301F-11D3-BF4B-00C04F79EFBC}") = "DemoWebApi", "DemoWebApi\DemoWebApi.csproj", "{0B9572E9-7447-44CD-BEAC-561516E20728}"
EndProject
Global
	GlobalSection(SolutionConfigurationPlatforms) = preSolution
		Debug|Any CPU = Debug|Any CPU
		Release|Any CPU = Release|Any CPU
	EndGlobalSection
	GlobalSection(ProjectConfigurationPlatforms) = postSolution
		{0B9572E9-7447-44CD-BEAC-561516E20728}.Debug|Any CPU.ActiveCfg = Debug|Any CPU
		{0B9572E9-7447-44CD-BEAC-561516E20728}.Debug|Any CPU.Build.0 = Debug|Any CPU
		{0B9572E9-7447-44CD-BEAC-561516E20728}.Release|Any CPU.ActiveCfg = Release|Any CPU
		{0B9572E9-7447-44CD-BEAC-561516E20728}.Release|Any CPU.Build.0 = Release|Any CPU
	EndGlobalSection
	GlobalSection(SolutionProperties) = preSolution
		HideSolutionNode = FALSE
	EndGlobalSection
	GlobalSection(ExtensibilityGlobals) = postSolution
		SolutionGuid = {2B05E787-FA74-43F5-80A9-A3D3C516EA29}
	EndGlobalSection
EndGlobal
